
Microsoft Visual Studio Solution File, Format Version 12.00
# Visual Studio Version 17
VisualStudioVersion = 17.1.32319.34
MinimumVisualStudioVersion = 10.0.40219.1
Project("{FAE04EC0-301F-11D3-BF4B-00C04F79EFBC}") = "Bot", "Bot\Bot.csproj", "{06831288-FE7A-459B-8BD4-38A777248481}"
EndProject
Global
	GlobalSection(SolutionConfigurationPlatforms) = preSolution
		Debug|Any CPU = Debug|Any CPU
		Release|Any CPU = Release|Any CPU
	EndGlobalSection
	GlobalSection(ProjectConfigurationPlatforms) = postSolution
		{06831288-FE7A-459B-8BD4-38A777248481}.Debug|Any CPU.ActiveCfg = Debug|Any CPU
		{06831288-FE7A-459B-8BD4-38A777248481}.Debug|Any CPU.Build.0 = Debug|Any CPU
		{06831288-FE7A-459B-8BD4-38A777248481}.Release|Any CPU.ActiveCfg = Release|Any CPU
		{06831288-FE7A-459B-8BD4-38A777248481}.Release|Any CPU.Build.0 = Release|Any CPU
	EndGlobalSection
	GlobalSection(SolutionProperties) = preSolution
		HideSolutionNode = FALSE
	EndGlobalSection
	GlobalSection(ExtensibilityGlobals) = postSolution
		SolutionGuid = {C5F127AC-5EDA-4348-9BEC-782133FBEE13}
	EndGlobalSection
EndGlobal
